<?xml version="1.0" encoding="utf-8"?>
<Project ToolsVersion="15.0" xmlns="http://schemas.microsoft.com/developer/msbuild/2003">
  <ItemGroup>
    <CustomBuild Include="C:\Users\musi\Desktop\39.105.4.19\CEGUI2\CMakeFiles\2fabb55248ae65cf7b46c0bfac7ed8d8\PACKAGE_force.rule">
      <Filter>CMake Rules</Filter>
    </CustomBuild>
  </ItemGroup>
  <ItemGroup>
    <Filter Include="CMake Rules">
      <UniqueIdentifier>{A2A6BE28-2ACB-3774-8625-CB2497663924}</UniqueIdentifier>
    </Filter>
  </ItemGroup>
</Project>
