<?xml version="1.0" encoding="utf-8"?>
<Project ToolsVersion="4.0" xmlns="http://schemas.microsoft.com/developer/msbuild/2003">
  <ItemGroup>
    <Filter Include="资源文件">
      <UniqueIdentifier>{67DA6AB6-F800-4c08-8B7A-83BB121AAD01}</UniqueIdentifier>
      <Extensions>rc;ico;cur;bmp;dlg;rc2;rct;bin;rgs;gif;jpg;jpeg;jpe;resx;tiff;tif;png;wav;mfcribbon-ms</Extensions>
    </Filter>
    <Filter Include="SnakeGame">
      <UniqueIdentifier>{3d2c9dad-fcf5-41c3-aa7e-ef5d45de17ae}</UniqueIdentifier>
    </Filter>
    <Filter Include="SnakeGame\Bean">
      <UniqueIdentifier>{24c1d67f-603d-43df-96f3-529dcede852d}</UniqueIdentifier>
    </Filter>
    <Filter Include="SnakeGame\GameMain">
      <UniqueIdentifier>{95c3b8c2-15be-4e41-90f2-3d4a161c19d9}</UniqueIdentifier>
    </Filter>
    <Filter Include="Main">
      <UniqueIdentifier>{e6e52d0a-f22d-444d-bc29-9f6b505a906f}</UniqueIdentifier>
    </Filter>
    <Filter Include="BaseGame">
      <UniqueIdentifier>{94f3a76f-b419-43ad-8c16-e44eeef09a35}</UniqueIdentifier>
    </Filter>
    <Filter Include="BaseGame\链表">
      <UniqueIdentifier>{ae462bf6-90af-456a-b3af-9f1ba5f6dc23}</UniqueIdentifier>
    </Filter>
    <Filter Include="BaseGame\TimeSystem">
      <UniqueIdentifier>{e8817119-172f-4a1e-b758-9e0e77e7eafe}</UniqueIdentifier>
    </Filter>
    <Filter Include="BaseGame\Sprite管理">
      <UniqueIdentifier>{8b05089a-6ab3-46d5-ae7e-28ac3d713a0d}</UniqueIdentifier>
    </Filter>
    <Filter Include="BaseGame\Sprite系统">
      <UniqueIdentifier>{f458d11a-9cfa-4cf8-9871-0ef8486436ad}</UniqueIdentifier>
    </Filter>
    <Filter Include="BaseGame\Util">
      <UniqueIdentifier>{f52b260e-1754-40c3-a5e6-0e897b81a744}</UniqueIdentifier>
    </Filter>
    <Filter Include="BaseGame\物理引擎%28Box2D%29">
      <UniqueIdentifier>{857b9343-34e0-4509-a8be-4c154bace58d}</UniqueIdentifier>
    </Filter>
    <Filter Include="工厂">
      <UniqueIdentifier>{8c5afdde-ad1e-498a-baa2-30b50dafa6ce}</UniqueIdentifier>
    </Filter>
    <Filter Include="工厂\类型枚举">
      <UniqueIdentifier>{6db6d663-cbd7-4802-a4be-6b1ba0e8cc31}</UniqueIdentifier>
    </Filter>
  </ItemGroup>
  <ItemGroup>
    <ClCompile Include="D3DUtil.cpp">
      <Filter>BaseGame\Util</Filter>
    </ClCompile>
    <ClCompile Include="StringUtil.cpp">
      <Filter>BaseGame\Util</Filter>
    </ClCompile>
    <ClCompile Include="SnakeBody.cpp">
      <Filter>SnakeGame\Bean</Filter>
    </ClCompile>
    <ClCompile Include="Timer.cpp">
      <Filter>BaseGame\TimeSystem</Filter>
    </ClCompile>
    <ClCompile Include="TimerData.cpp">
      <Filter>BaseGame\TimeSystem</Filter>
    </ClCompile>
    <ClCompile Include="TimeS.cpp">
      <Filter>BaseGame\TimeSystem</Filter>
    </ClCompile>
    <ClCompile Include="Sprites.cpp">
      <Filter>BaseGame\Sprite管理</Filter>
    </ClCompile>
    <ClCompile Include="Snake.cpp">
      <Filter>SnakeGame\GameMain</Filter>
    </ClCompile>
    <ClCompile Include="BaseSprite.cpp">
      <Filter>BaseGame\Sprite系统</Filter>
    </ClCompile>
    <ClCompile Include="CameraClass.cpp">
      <Filter>BaseGame\Sprite系统</Filter>
    </ClCompile>
    <ClCompile Include="D3DRect.cpp">
      <Filter>BaseGame\Sprite系统</Filter>
    </ClCompile>
    <ClCompile Include="D3DXFile.cpp">
      <Filter>BaseGame\Sprite系统</Filter>
    </ClCompile>
    <ClCompile Include="InputInit.cpp">
      <Filter>BaseGame\Sprite系统</Filter>
    </ClCompile>
    <ClCompile Include="Sprite.cpp">
      <Filter>BaseGame\Sprite系统</Filter>
    </ClCompile>
    <ClCompile Include="SystemInit.cpp">
      <Filter>BaseGame\Sprite系统</Filter>
    </ClCompile>
    <ClCompile Include="TerrainClass.cpp">
      <Filter>BaseGame\Sprite系统</Filter>
    </ClCompile>
    <ClCompile Include="TextureManager.cpp">
      <Filter>BaseGame\Sprite系统</Filter>
    </ClCompile>
    <ClCompile Include="test.cpp">
      <Filter>Main</Filter>
    </ClCompile>
    <ClCompile Include="test2.cpp">
      <Filter>Main</Filter>
    </ClCompile>
    <ClCompile Include="ListUser.h">
      <Filter>BaseGame\链表</Filter>
    </ClCompile>
    <ClCompile Include="ListUser.cpp">
      <Filter>BaseGame\链表</Filter>
    </ClCompile>
    <ClCompile Include="TimeInit.cpp">
      <Filter>BaseGame\TimeSystem</Filter>
    </ClCompile>
    <ClCompile Include="TimeWheel.cpp">
      <Filter>BaseGame\TimeSystem</Filter>
    </ClCompile>
    <ClCompile Include="Box2DSystem.cpp">
      <Filter>BaseGame\物理引擎%28Box2D%29</Filter>
    </ClCompile>
    <ClCompile Include="FactoryProducer.cpp">
      <Filter>工厂</Filter>
    </ClCompile>
    <ClCompile Include="AbstractFactory.cpp">
      <Filter>工厂</Filter>
    </ClCompile>
    <ClCompile Include="SpriteFactory.cpp">
      <Filter>工厂</Filter>
    </ClCompile>
    <ClCompile Include="SpriteBody.cpp" />
  </ItemGroup>
  <ItemGroup>
    <Image Include="img\wall\base.png">
      <Filter>资源文件</Filter>
    </Image>
    <Image Include="img\wall\break_base.png">
      <Filter>资源文件</Filter>
    </Image>
    <Image Include="img\wall\brick.png">
      <Filter>资源文件</Filter>
    </Image>
    <Image Include="img\wall\grass.png">
      <Filter>资源文件</Filter>
    </Image>
    <Image Include="img\wall\iron.png">
      <Filter>资源文件</Filter>
    </Image>
    <Image Include="img\wall\river.png">
      <Filter>资源文件</Filter>
    </Image>
    <Image Include="img\tank\bot_down.png">
      <Filter>资源文件</Filter>
    </Image>
    <Image Include="img\tank\bot_left.png">
      <Filter>资源文件</Filter>
    </Image>
    <Image Include="img\tank\bot_right.png">
      <Filter>资源文件</Filter>
    </Image>
    <Image Include="img\tank\bot_up.png">
      <Filter>资源文件</Filter>
    </Image>
    <Image Include="img\tank\player1_down.png">
      <Filter>资源文件</Filter>
    </Image>
    <Image Include="img\tank\player1_left.png">
      <Filter>资源文件</Filter>
    </Image>
    <Image Include="img\tank\player1_right.png">
      <Filter>资源文件</Filter>
    </Image>
    <Image Include="img\tank\player1_up.png">
      <Filter>资源文件</Filter>
    </Image>
    <Image Include="img\tank\player2_down.png">
      <Filter>资源文件</Filter>
    </Image>
    <Image Include="img\tank\player2_left.png">
      <Filter>资源文件</Filter>
    </Image>
    <Image Include="img\tank\player2_right.png">
      <Filter>资源文件</Filter>
    </Image>
    <Image Include="img\tank\player2_up.png">
      <Filter>资源文件</Filter>
    </Image>
  </ItemGroup>
  <ItemGroup>
    <ClInclude Include="D3DUtil.h">
      <Filter>BaseGame\Util</Filter>
    </ClInclude>
    <ClInclude Include="StringUtil.h">
      <Filter>BaseGame\Util</Filter>
    </ClInclude>
    <ClInclude Include="BaseGame.h">
      <Filter>BaseGame</Filter>
    </ClInclude>
    <ClInclude Include="SnakeBody.h">
      <Filter>SnakeGame\Bean</Filter>
    </ClInclude>
    <ClInclude Include="TimeSystemInterface.h">
      <Filter>BaseGame\TimeSystem</Filter>
    </ClInclude>
    <ClInclude Include="Timer.h">
      <Filter>BaseGame\TimeSystem</Filter>
    </ClInclude>
    <ClInclude Include="TimerData.h">
      <Filter>BaseGame\TimeSystem</Filter>
    </ClInclude>
    <ClInclude Include="TimeS.h">
      <Filter>BaseGame\TimeSystem</Filter>
    </ClInclude>
    <ClInclude Include="Node.h">
      <Filter>BaseGame\链表</Filter>
    </ClInclude>
    <ClInclude Include="Sprites.h">
      <Filter>BaseGame\Sprite管理</Filter>
    </ClInclude>
    <ClInclude Include="Snake.h">
      <Filter>SnakeGame\GameMain</Filter>
    </ClInclude>
    <ClInclude Include="BaseSprite.h">
      <Filter>BaseGame\Sprite系统</Filter>
    </ClInclude>
    <ClInclude Include="CameraClass.h">
      <Filter>BaseGame\Sprite系统</Filter>
    </ClInclude>
    <ClInclude Include="D3DRect.h">
      <Filter>BaseGame\Sprite系统</Filter>
    </ClInclude>
    <ClInclude Include="D3DXFile.h">
      <Filter>BaseGame\Sprite系统</Filter>
    </ClInclude>
    <ClInclude Include="InputInit.h">
      <Filter>BaseGame\Sprite系统</Filter>
    </ClInclude>
    <ClInclude Include="Sprite.h">
      <Filter>BaseGame\Sprite系统</Filter>
    </ClInclude>
    <ClInclude Include="SpriteManager.h">
      <Filter>BaseGame\Sprite系统</Filter>
    </ClInclude>
    <ClInclude Include="SystemInit.h">
      <Filter>BaseGame\Sprite系统</Filter>
    </ClInclude>
    <ClInclude Include="TerrainClass.h">
      <Filter>BaseGame\Sprite系统</Filter>
    </ClInclude>
    <ClInclude Include="TextureManager.h">
      <Filter>BaseGame\Sprite系统</Filter>
    </ClInclude>
    <ClInclude Include="Seting.h">
      <Filter>BaseGame\Sprite系统</Filter>
    </ClInclude>
    <ClInclude Include="TimeInit.h">
      <Filter>BaseGame\TimeSystem</Filter>
    </ClInclude>
    <ClInclude Include="TimeWheel.h">
      <Filter>BaseGame\TimeSystem</Filter>
    </ClInclude>
    <ClInclude Include="TimerWithSprite.h">
      <Filter>BaseGame\TimeSystem</Filter>
    </ClInclude>
    <ClInclude Include="Box2DSystem.h">
      <Filter>BaseGame\物理引擎%28Box2D%29</Filter>
    </ClInclude>
    <ClInclude Include="SpriteBody.h">
      <Filter>BaseGame\物理引擎%28Box2D%29</Filter>
    </ClInclude>
    <ClInclude Include="FactoryProducer.h">
      <Filter>工厂</Filter>
    </ClInclude>
    <ClInclude Include="AbstractFactory.h">
      <Filter>工厂</Filter>
    </ClInclude>
    <ClInclude Include="SpriteFactory.h">
      <Filter>工厂</Filter>
    </ClInclude>
    <ClInclude Include="SpriteType.h">
      <Filter>工厂\类型枚举</Filter>
    </ClInclude>
  </ItemGroup>
  <ItemGroup>
    <None Include="ClassDiagram1.cd" />
  </ItemGroup>
</Project>